
Microsoft Visual Studio Solution File, Format Version 12.00
# Visual Studio Version 17
VisualStudioVersion = 17.12.35707.178
MinimumVisualStudioVersion = 10.0.40219.1
Project("{FAE04EC0-301F-11D3-BF4B-00C04F79EFBC}") = "TNoodleNET8", "TNoodleNET\TNoodleNET8.csproj", "{6252F537-5DD1-475C-92C9-57D2F81670B7}"
EndProject
Project("{FAE04EC0-301F-11D3-BF4B-00C04F79EFBC}") = "TestApp", "TestApp\TestApp.csproj", "{FFE2AD2E-9FEB-42E3-8090-95E53C7C9B50}"
EndProject
Project("{FAE04EC0-301F-11D3-BF4B-00C04F79EFBC}") = "TNoodleMaui", "TNoodleMaui\TNoodleMaui.csproj", "{F75461B6-1959-452F-9C4F-F90C4E4D8907}"
EndProject
Global
	GlobalSection(SolutionConfigurationPlatforms) = preSolution
		Debug|Any CPU = Debug|Any CPU
		Release|Any CPU = Release|Any CPU
	EndGlobalSection
	GlobalSection(ProjectConfigurationPlatforms) = postSolution
		{6252F537-5DD1-475C-92C9-57D2F81670B7}.Debug|Any CPU.ActiveCfg = Debug|Any CPU
		{6252F537-5DD1-475C-92C9-57D2F81670B7}.Debug|Any CPU.Build.0 = Debug|Any CPU
		{6252F537-5DD1-475C-92C9-57D2F81670B7}.Release|Any CPU.ActiveCfg = Release|Any CPU
		{6252F537-5DD1-475C-92C9-57D2F81670B7}.Release|Any CPU.Build.0 = Release|Any CPU
		{FFE2AD2E-9FEB-42E3-8090-95E53C7C9B50}.Debug|Any CPU.ActiveCfg = Debug|Any CPU
		{FFE2AD2E-9FEB-42E3-8090-95E53C7C9B50}.Debug|Any CPU.Build.0 = Debug|Any CPU
		{FFE2AD2E-9FEB-42E3-8090-95E53C7C9B50}.Release|Any CPU.ActiveCfg = Release|Any CPU
		{FFE2AD2E-9FEB-42E3-8090-95E53C7C9B50}.Release|Any CPU.Build.0 = Release|Any CPU
		{F75461B6-1959-452F-9C4F-F90C4E4D8907}.Debug|Any CPU.ActiveCfg = Debug|Any CPU
		{F75461B6-1959-452F-9C4F-F90C4E4D8907}.Debug|Any CPU.Build.0 = Debug|Any CPU
		{F75461B6-1959-452F-9C4F-F90C4E4D8907}.Release|Any CPU.ActiveCfg = Release|Any CPU
		{F75461B6-1959-452F-9C4F-F90C4E4D8907}.Release|Any CPU.Build.0 = Release|Any CPU
	EndGlobalSection
	GlobalSection(SolutionProperties) = preSolution
		HideSolutionNode = FALSE
	EndGlobalSection
EndGlobal
